
Microsoft Visual Studio Solution File, Format Version 12.00
# Visual Studio Version 16
VisualStudioVersion = 16.0.31515.178
MinimumVisualStudioVersion = 10.0.40219.1
Project("{FAE04EC0-301F-11D3-BF4B-00C04F79EFBC}") = "gra statki", "gra statki.csproj", "{3249A1DE-6780-4902-88CF-B7B57D1C5D53}"
EndProject
Global
	GlobalSection(SolutionConfigurationPlatforms) = preSolution
		Debug|Any CPU = Debug|Any CPU
		Release|Any CPU = Release|Any CPU
	EndGlobalSection
	GlobalSection(ProjectConfigurationPlatforms) = postSolution
		{3249A1DE-6780-4902-88CF-B7B57D1C5D53}.Debug|Any CPU.ActiveCfg = Debug|Any CPU
		{3249A1DE-6780-4902-88CF-B7B57D1C5D53}.Debug|Any CPU.Build.0 = Debug|Any CPU
		{3249A1DE-6780-4902-88CF-B7B57D1C5D53}.Release|Any CPU.ActiveCfg = Release|Any CPU
		{3249A1DE-6780-4902-88CF-B7B57D1C5D53}.Release|Any CPU.Build.0 = Release|Any CPU
	EndGlobalSection
	GlobalSection(SolutionProperties) = preSolution
		HideSolutionNode = FALSE
	EndGlobalSection
	GlobalSection(ExtensibilityGlobals) = postSolution
		SolutionGuid = {39617782-B53D-40FB-B980-28D9F36B818A}
	EndGlobalSection
EndGlobal
